
Microsoft Visual Studio Solution File, Format Version 12.00
# Visual Studio 15
VisualStudioVersion = 15.0.27130.2010
MinimumVisualStudioVersion = 10.0.40219.1
Project("{FAE04EC0-301F-11D3-BF4B-00C04F79EFBC}") = "Neighborhoods", "Neighborhoods\Neighborhoods.csproj", "{68B88BC4-D126-4B6E-BF80-ECAC33C53271}"
EndProject
Project("{FAE04EC0-301F-11D3-BF4B-00C04F79EFBC}") = "XUnitTestNeighborhoods", "XUnitTestNeighborhoods\XUnitTestNeighborhoods.csproj", "{0AB8A680-5AF6-4889-B0DB-CEB2FA9BB22E}"
EndProject
Global
	GlobalSection(SolutionConfigurationPlatforms) = preSolution
		Debug|Any CPU = Debug|Any CPU
		Release|Any CPU = Release|Any CPU
	EndGlobalSection
	GlobalSection(ProjectConfigurationPlatforms) = postSolution
		{68B88BC4-D126-4B6E-BF80-ECAC33C53271}.Debug|Any CPU.ActiveCfg = Debug|Any CPU
		{68B88BC4-D126-4B6E-BF80-ECAC33C53271}.Debug|Any CPU.Build.0 = Debug|Any CPU
		{68B88BC4-D126-4B6E-BF80-ECAC33C53271}.Release|Any CPU.ActiveCfg = Release|Any CPU
		{68B88BC4-D126-4B6E-BF80-ECAC33C53271}.Release|Any CPU.Build.0 = Release|Any CPU
		{0AB8A680-5AF6-4889-B0DB-CEB2FA9BB22E}.Debug|Any CPU.ActiveCfg = Debug|Any CPU
		{0AB8A680-5AF6-4889-B0DB-CEB2FA9BB22E}.Debug|Any CPU.Build.0 = Debug|Any CPU
		{0AB8A680-5AF6-4889-B0DB-CEB2FA9BB22E}.Release|Any CPU.ActiveCfg = Release|Any CPU
		{0AB8A680-5AF6-4889-B0DB-CEB2FA9BB22E}.Release|Any CPU.Build.0 = Release|Any CPU
	EndGlobalSection
	GlobalSection(SolutionProperties) = preSolution
		HideSolutionNode = FALSE
	EndGlobalSection
	GlobalSection(ExtensibilityGlobals) = postSolution
		SolutionGuid = {140ED0B3-71BB-4270-89A6-86EA1E290D86}
	EndGlobalSection
EndGlobal
